
Microsoft Visual Studio Solution File, Format Version 9.00
# Visual Studio 2005
Project("{2150E333-8FDC-42A3-9474-1A3956D46DE8}") = "00 Basics", "00 Basics", "{4C37C2B0-1106-4A32-8E61-481057860EEF}"
EndProject
Project("{8BC9CEB8-8B4A-11D0-8D11-00A0C91BC942}") = "Basics", "00 Basics\Basics\Basics.vcproj", "{1F5B8327-7049-44CB-A5D2-004AD89741A2}"
EndProject
Project("{2150E333-8FDC-42A3-9474-1A3956D46DE8}") = "01 Loops", "01 Loops", "{EFD3D619-907B-4278-B1BA-B155810FA67C}"
EndProject
Project("{8BC9CEB8-8B4A-11D0-8D11-00A0C91BC942}") = "Nested Loops", "01 Loops\Nested Loops\Nested Loops.vcproj", "{F93AD437-1A2C-45E1-B21B-77E153E5F8DB}"
EndProject
Project("{8BC9CEB8-8B4A-11D0-8D11-00A0C91BC942}") = "Simple Loops", "01 Loops\Simple Loops\Simple Loops.vcproj", "{6C9BC7AE-EF2F-430B-B05E-CEC23A89537A}"
EndProject
Project("{2150E333-8FDC-42A3-9474-1A3956D46DE8}") = "02 Variadic Functions", "02 Variadic Functions", "{1B92589E-3DC7-4755-B5BD-DB51DB5DBFBB}"
EndProject
Project("{8BC9CEB8-8B4A-11D0-8D11-00A0C91BC942}") = "Built-In Functions", "02 Variadic Functions\Built-In Functions\Built-In Functions.vcproj", "{59708478-126A-4561-9CDF-8589C697CCF7}"
EndProject
Project("{8BC9CEB8-8B4A-11D0-8D11-00A0C91BC942}") = "Custom Functions", "02 Variadic Functions\Custom Functions\Custom Functions.vcproj", "{4E650F1A-941A-403F-BC55-DFE3D30C8365}"
EndProject
Project("{2150E333-8FDC-42A3-9474-1A3956D46DE8}") = "03 Arrays", "03 Arrays", "{D57EACC2-6745-46C6-A197-B5681D6B3CDA}"
EndProject
Project("{8BC9CEB8-8B4A-11D0-8D11-00A0C91BC942}") = "Arrays", "03 Arrays\Arrays\Arrays.vcproj", "{CEE5D152-3CDE-4D05-82E1-C71BD1765F32}"
EndProject
Project("{2150E333-8FDC-42A3-9474-1A3956D46DE8}") = "04 Structures", "04 Structures", "{3DA47AD1-6CB5-41BC-9C3F-AD75DE604F6C}"
EndProject
Project("{8BC9CEB8-8B4A-11D0-8D11-00A0C91BC942}") = "Simple Structures", "04 Structures\Simple Structures\Simple Structures.vcproj", "{0D522BFD-4E75-45A4-8ED5-7940B6D99461}"
EndProject
Project("{8BC9CEB8-8B4A-11D0-8D11-00A0C91BC942}") = "Nested Structures", "04 Structures\Nested Structures\Nested Structures.vcproj", "{9C304A2A-F610-460E-832E-25853BE598CC}"
EndProject
Project("{2150E333-8FDC-42A3-9474-1A3956D46DE8}") = "05 Unions", "05 Unions", "{A804B9E3-ECE3-40E2-85EA-7411492DCA13}"
EndProject
Project("{8BC9CEB8-8B4A-11D0-8D11-00A0C91BC942}") = "Unions", "05 Unions\Unions\Unions.vcproj", "{5E097B07-6812-4C1A-8767-71AE9D595811}"
EndProject
Project("{2150E333-8FDC-42A3-9474-1A3956D46DE8}") = "06 Bit Operations", "06 Bit Operations", "{E5BF1722-BDDE-4622-9112-C173B4FF81AC}"
EndProject
Project("{8BC9CEB8-8B4A-11D0-8D11-00A0C91BC942}") = "Bit Operations", "06 Bit Operations\Bit Operations\Bit Operations.vcproj", "{DDB9B2D0-2D84-4467-8D8E-B8577FB2119E}"
EndProject
Project("{2150E333-8FDC-42A3-9474-1A3956D46DE8}") = "07 Switch Statements", "07 Switch Statements", "{8B0C0F8A-004F-4633-B722-116ECDBB2E86}"
EndProject
Project("{8BC9CEB8-8B4A-11D0-8D11-00A0C91BC942}") = "Switch Statements", "07 Switch Statements\Switch Statements\Switch Statements.vcproj", "{3A89F29F-FCFA-4DE9-9680-016E14EF4815}"
EndProject
Project("{2150E333-8FDC-42A3-9474-1A3956D46DE8}") = "08 C Strings", "08 C Strings", "{CB182B4C-9485-4E70-8CDD-487845072583}"
EndProject
Project("{8BC9CEB8-8B4A-11D0-8D11-00A0C91BC942}") = "Basic Strings", "08 C Strings\Basic Strings\Basic Strings.vcproj", "{0A917A1C-9EAF-4556-AC5A-85B6A9C9E130}"
EndProject
Project("{8BC9CEB8-8B4A-11D0-8D11-00A0C91BC942}") = "Wide Strings", "08 C Strings\Wide Strings\Wide Strings.vcproj", "{BC85B265-71B6-4301-9CFE-F2739D6DCE65}"
EndProject
Project("{2150E333-8FDC-42A3-9474-1A3956D46DE8}") = "09 Memory Management", "09 Memory Management", "{762D0B0B-6C77-405A-BDF4-FA86701C6030}"
EndProject
Project("{8BC9CEB8-8B4A-11D0-8D11-00A0C91BC942}") = "Memory Manipulation", "09 Memory Management\Memory Manipulation\Memory Manipulation.vcproj", "{FB604508-CE92-4197-BD8D-6E4E6A383B06}"
EndProject
Project("{8BC9CEB8-8B4A-11D0-8D11-00A0C91BC942}") = "Memory Management", "09 Memory Management\Memory Management\Memory Management.vcproj", "{1CDF3971-8892-4123-8025-A6E77054D5F5}"
EndProject
Project("{2150E333-8FDC-42A3-9474-1A3956D46DE8}") = "10 C Files", "10 C Files", "{E355279C-D6CC-44FA-A931-56F8D20E3DDF}"
EndProject
Project("{8BC9CEB8-8B4A-11D0-8D11-00A0C91BC942}") = "Basic Files", "10 C Files\Basic Files\Basic Files.vcproj", "{D4BC01BB-CA66-48DE-807F-D5F476D866EF}"
EndProject
Project("{2150E333-8FDC-42A3-9474-1A3956D46DE8}") = "11 Real Numbers", "11 Real Numbers", "{F079EC9A-6118-4B49-902B-D5C1B5AF40D7}"
EndProject
Project("{8BC9CEB8-8B4A-11D0-8D11-00A0C91BC942}") = "Real Numbers", "11 Real Numbers\Real Numbers\Real Numbers.vcproj", "{1C3CEF9A-419C-4CBC-B10B-D29F2E1E5274}"
EndProject
Project("{2150E333-8FDC-42A3-9474-1A3956D46DE8}") = "12 Function Pointers", "12 Function Pointers", "{B9F2AB2B-F082-4743-8367-07EFDBF94A28}"
EndProject
Project("{8BC9CEB8-8B4A-11D0-8D11-00A0C91BC942}") = "Function Pointers", "12 Function Pointers\Function Pointers\Function Pointers.vcproj", "{382A370C-9AD7-442E-AE41-062259C2128C}"
EndProject
Project("{2150E333-8FDC-42A3-9474-1A3956D46DE8}") = "13 C++ Classes", "13 C++ Classes", "{E1ABF6E2-052D-4093-93E3-85B12753955F}"
EndProject
Project("{8BC9CEB8-8B4A-11D0-8D11-00A0C91BC942}") = "Basic Classes", "13 C++ Classes\Basic Classes\Basic Classes.vcproj", "{18010A80-A352-48CB-908F-1B7592FD2170}"
EndProject
Project("{8BC9CEB8-8B4A-11D0-8D11-00A0C91BC942}") = "Advanced Classes", "13 C++ Classes\Advanced Classes\Advanced Classes.vcproj", "{DEFED906-99B3-46E8-AB46-808322A9276F}"
EndProject
Project("{8BC9CEB8-8B4A-11D0-8D11-00A0C91BC942}") = "Class Casting", "13 C++ Classes\Class Casting\Class Casting.vcproj", "{C75CE0F6-115B-4EEE-AD51-0F4B8A14F072}"
EndProject
Project("{2150E333-8FDC-42A3-9474-1A3956D46DE8}") = "14 C++ Operators", "14 C++ Operators", "{8C87A5DA-833C-4592-A517-DDF92CB65F44}"
EndProject
Project("{8BC9CEB8-8B4A-11D0-8D11-00A0C91BC942}") = "Memory Operators", "14 C++ Operators\Memory Operators\Memory Operators.vcproj", "{F25CF065-263F-4166-88F1-D71C3D1B7C94}"
EndProject
Project("{8BC9CEB8-8B4A-11D0-8D11-00A0C91BC942}") = "Custom Operators", "14 C++ Operators\Custom Operators\Custom Operators.vcproj", "{097BAD88-7A8F-4B60-8247-BAF0F009F4A6}"
EndProject
Project("{2150E333-8FDC-42A3-9474-1A3956D46DE8}") = "15 C++ Exceptions", "15 C++ Exceptions", "{4FE2D35D-FE4C-4415-96EC-B6D9E7AC3C6F}"
EndProject
Project("{8BC9CEB8-8B4A-11D0-8D11-00A0C91BC942}") = "Exceptions", "15 C++ Exceptions\Exceptions\Exceptions.vcproj", "{E7FB60BA-1513-457B-981A-02377D56862A}"
EndProject
Project("{2150E333-8FDC-42A3-9474-1A3956D46DE8}") = "16 C++ Strings", "16 C++ Strings", "{51F5991A-3672-41C2-A272-861B07D239F7}"
EndProject
Project("{8BC9CEB8-8B4A-11D0-8D11-00A0C91BC942}") = "C++ Strings", "16 C++ Strings\C++ Strings\C++ Strings.vcproj", "{CBFFE87B-5A96-4E34-9A29-4839683DEBEF}"
EndProject
Project("{2150E333-8FDC-42A3-9474-1A3956D46DE8}") = "17 C++ Vectors", "17 C++ Vectors", "{6DC27360-4979-4F3A-BA63-65776C066E0C}"
EndProject
Project("{8BC9CEB8-8B4A-11D0-8D11-00A0C91BC942}") = "C++ Vectors", "17 C++ Vectors\C++ Vectors\C++ Vectors.vcproj", "{F7583ECF-5BBF-4032-AF01-916E0C0A5FB3}"
EndProject
Project("{2150E333-8FDC-42A3-9474-1A3956D46DE8}") = "18 C++ Streams", "18 C++ Streams", "{E4B7375D-84F9-4A6A-A580-80297E1EE135}"
EndProject
Project("{8BC9CEB8-8B4A-11D0-8D11-00A0C91BC942}") = "C++ Input Streams", "18 C++ Streams\C++ Input Streams\C++ Input Streams.vcproj", "{05C9B9EE-DE96-4CE5-8D6F-59F30615131E}"
EndProject
Project("{8BC9CEB8-8B4A-11D0-8D11-00A0C91BC942}") = "C++ Output String", "18 C++ Streams\C++ Output String\C++ Output String.vcproj", "{396E7865-678F-4351-9565-4E87F938DF81}"
EndProject
Project("{2150E333-8FDC-42A3-9474-1A3956D46DE8}") = "19 Entry Points", "19 Entry Points", "{4D97D6BE-9E94-4469-9F17-E4F1E276D518}"
EndProject
Project("{8BC9CEB8-8B4A-11D0-8D11-00A0C91BC942}") = "Console", "19 Entry Points\Console\Console.vcproj", "{216196FD-4977-4EC1-AADA-B7528BE63E47}"
EndProject
Project("{8BC9CEB8-8B4A-11D0-8D11-00A0C91BC942}") = "Windows", "19 Entry Points\Windows\Windows.vcproj", "{D0D5F904-DC94-44B6-B107-F8CF9B587D4D}"
EndProject
Project("{8BC9CEB8-8B4A-11D0-8D11-00A0C91BC942}") = "Library", "19 Entry Points\Library\Library.vcproj", "{778B7498-EB11-4573-8EF5-1289698E825B}"
EndProject
Project("{8BC9CEB8-8B4A-11D0-8D11-00A0C91BC942}") = "No Entry Library", "19 Entry Points\No Entry Library\No Entry Library.vcproj", "{11C43437-BAE3-4164-910A-10A4CF91CD82}"
EndProject
Project("{2150E333-8FDC-42A3-9474-1A3956D46DE8}") = "20 Other", "20 Other", "{8902ED27-B755-4A80-BF4B-2019F5E14183}"
EndProject
Project("{8BC9CEB8-8B4A-11D0-8D11-00A0C91BC942}") = "Buffer Overruns", "20 Other\Buffer Overruns\Buffer Overruns.vcproj", "{AB57FB65-2CB7-4257-864F-F477082E6A41}"
EndProject
Project("{8BC9CEB8-8B4A-11D0-8D11-00A0C91BC942}") = "Stack Frames", "20 Other\Stack Frames\Stack Frames.vcproj", "{E0CB2ACD-AA5D-46BD-ADEC-CB83CC122E52}"
EndProject
Project("{8BC9CEB8-8B4A-11D0-8D11-00A0C91BC942}") = "Random", "20 Other\Random\Random.vcproj", "{B2EC096A-9C3A-4830-8B99-24340EF29790}"
EndProject
Project("{8BC9CEB8-8B4A-11D0-8D11-00A0C91BC942}") = "Stack Allocation", "20 Other\Stack Allocation\Stack Allocation.vcproj", "{0C9FC9C6-0199-419A-B610-79FDB0938BFC}"
EndProject
Project("{8BC9CEB8-8B4A-11D0-8D11-00A0C91BC942}") = "At Exit", "20 Other\At Exit\At Exit.vcproj", "{69387155-4387-4911-8EAD-2F7AC4CAED7C}"
EndProject
Project("{8BC9CEB8-8B4A-11D0-8D11-00A0C91BC942}") = "Scopes", "20 Other\Scopes\Scopes.vcproj", "{6320245A-6DEF-4778-A469-BA6A4D1DD8D4}"
EndProject
Project("{8BC9CEB8-8B4A-11D0-8D11-00A0C91BC942}") = "Checksum", "20 Other\Checksum\Checksum.vcproj", "{9308258C-9FB0-40B5-8091-516524F151E8}"
EndProject
Project("{8BC9CEB8-8B4A-11D0-8D11-00A0C91BC942}") = "Export Library", "19 Entry Points\Export Library\Export Library.vcproj", "{3D250334-1359-4DF3-A659-B66B36D78B68}"
EndProject
Project("{8BC9CEB8-8B4A-11D0-8D11-00A0C91BC942}") = "Multiple Inheritance", "13 C++ Classes\Multiple Inheritance\Multiple Inheritance.vcproj", "{8B213B59-F2B6-4979-B41E-E0B206900D48}"
EndProject
Global
	GlobalSection(SolutionConfigurationPlatforms) = preSolution
		Debug|Win32 = Debug|Win32
		Release|Win32 = Release|Win32
	EndGlobalSection
	GlobalSection(ProjectConfigurationPlatforms) = postSolution
		{1F5B8327-7049-44CB-A5D2-004AD89741A2}.Debug|Win32.ActiveCfg = Debug|Win32
		{1F5B8327-7049-44CB-A5D2-004AD89741A2}.Debug|Win32.Build.0 = Debug|Win32
		{1F5B8327-7049-44CB-A5D2-004AD89741A2}.Release|Win32.ActiveCfg = Release|Win32
		{1F5B8327-7049-44CB-A5D2-004AD89741A2}.Release|Win32.Build.0 = Release|Win32
		{F93AD437-1A2C-45E1-B21B-77E153E5F8DB}.Debug|Win32.ActiveCfg = Debug|Win32
		{F93AD437-1A2C-45E1-B21B-77E153E5F8DB}.Debug|Win32.Build.0 = Debug|Win32
		{F93AD437-1A2C-45E1-B21B-77E153E5F8DB}.Release|Win32.ActiveCfg = Release|Win32
		{F93AD437-1A2C-45E1-B21B-77E153E5F8DB}.Release|Win32.Build.0 = Release|Win32
		{6C9BC7AE-EF2F-430B-B05E-CEC23A89537A}.Debug|Win32.ActiveCfg = Debug|Win32
		{6C9BC7AE-EF2F-430B-B05E-CEC23A89537A}.Debug|Win32.Build.0 = Debug|Win32
		{6C9BC7AE-EF2F-430B-B05E-CEC23A89537A}.Release|Win32.ActiveCfg = Release|Win32
		{6C9BC7AE-EF2F-430B-B05E-CEC23A89537A}.Release|Win32.Build.0 = Release|Win32
		{59708478-126A-4561-9CDF-8589C697CCF7}.Debug|Win32.ActiveCfg = Debug|Win32
		{59708478-126A-4561-9CDF-8589C697CCF7}.Debug|Win32.Build.0 = Debug|Win32
		{59708478-126A-4561-9CDF-8589C697CCF7}.Release|Win32.ActiveCfg = Release|Win32
		{59708478-126A-4561-9CDF-8589C697CCF7}.Release|Win32.Build.0 = Release|Win32
		{4E650F1A-941A-403F-BC55-DFE3D30C8365}.Debug|Win32.ActiveCfg = Debug|Win32
		{4E650F1A-941A-403F-BC55-DFE3D30C8365}.Debug|Win32.Build.0 = Debug|Win32
		{4E650F1A-941A-403F-BC55-DFE3D30C8365}.Release|Win32.ActiveCfg = Release|Win32
		{4E650F1A-941A-403F-BC55-DFE3D30C8365}.Release|Win32.Build.0 = Release|Win32
		{CEE5D152-3CDE-4D05-82E1-C71BD1765F32}.Debug|Win32.ActiveCfg = Debug|Win32
		{CEE5D152-3CDE-4D05-82E1-C71BD1765F32}.Debug|Win32.Build.0 = Debug|Win32
		{CEE5D152-3CDE-4D05-82E1-C71BD1765F32}.Release|Win32.ActiveCfg = Release|Win32
		{CEE5D152-3CDE-4D05-82E1-C71BD1765F32}.Release|Win32.Build.0 = Release|Win32
		{0D522BFD-4E75-45A4-8ED5-7940B6D99461}.Debug|Win32.ActiveCfg = Debug|Win32
		{0D522BFD-4E75-45A4-8ED5-7940B6D99461}.Debug|Win32.Build.0 = Debug|Win32
		{0D522BFD-4E75-45A4-8ED5-7940B6D99461}.Release|Win32.ActiveCfg = Release|Win32
		{0D522BFD-4E75-45A4-8ED5-7940B6D99461}.Release|Win32.Build.0 = Release|Win32
		{9C304A2A-F610-460E-832E-25853BE598CC}.Debug|Win32.ActiveCfg = Debug|Win32
		{9C304A2A-F610-460E-832E-25853BE598CC}.Debug|Win32.Build.0 = Debug|Win32
		{9C304A2A-F610-460E-832E-25853BE598CC}.Release|Win32.ActiveCfg = Release|Win32
		{9C304A2A-F610-460E-832E-25853BE598CC}.Release|Win32.Build.0 = Release|Win32
		{5E097B07-6812-4C1A-8767-71AE9D595811}.Debug|Win32.ActiveCfg = Debug|Win32
		{5E097B07-6812-4C1A-8767-71AE9D595811}.Debug|Win32.Build.0 = Debug|Win32
		{5E097B07-6812-4C1A-8767-71AE9D595811}.Release|Win32.ActiveCfg = Release|Win32
		{5E097B07-6812-4C1A-8767-71AE9D595811}.Release|Win32.Build.0 = Release|Win32
		{DDB9B2D0-2D84-4467-8D8E-B8577FB2119E}.Debug|Win32.ActiveCfg = Debug|Win32
		{DDB9B2D0-2D84-4467-8D8E-B8577FB2119E}.Debug|Win32.Build.0 = Debug|Win32
		{DDB9B2D0-2D84-4467-8D8E-B8577FB2119E}.Release|Win32.ActiveCfg = Release|Win32
		{DDB9B2D0-2D84-4467-8D8E-B8577FB2119E}.Release|Win32.Build.0 = Release|Win32
		{3A89F29F-FCFA-4DE9-9680-016E14EF4815}.Debug|Win32.ActiveCfg = Debug|Win32
		{3A89F29F-FCFA-4DE9-9680-016E14EF4815}.Debug|Win32.Build.0 = Debug|Win32
		{3A89F29F-FCFA-4DE9-9680-016E14EF4815}.Release|Win32.ActiveCfg = Release|Win32
		{3A89F29F-FCFA-4DE9-9680-016E14EF4815}.Release|Win32.Build.0 = Release|Win32
		{0A917A1C-9EAF-4556-AC5A-85B6A9C9E130}.Debug|Win32.ActiveCfg = Debug|Win32
		{0A917A1C-9EAF-4556-AC5A-85B6A9C9E130}.Debug|Win32.Build.0 = Debug|Win32
		{0A917A1C-9EAF-4556-AC5A-85B6A9C9E130}.Release|Win32.ActiveCfg = Release|Win32
		{0A917A1C-9EAF-4556-AC5A-85B6A9C9E130}.Release|Win32.Build.0 = Release|Win32
		{BC85B265-71B6-4301-9CFE-F2739D6DCE65}.Debug|Win32.ActiveCfg = Debug|Win32
		{BC85B265-71B6-4301-9CFE-F2739D6DCE65}.Debug|Win32.Build.0 = Debug|Win32
		{BC85B265-71B6-4301-9CFE-F2739D6DCE65}.Release|Win32.ActiveCfg = Release|Win32
		{BC85B265-71B6-4301-9CFE-F2739D6DCE65}.Release|Win32.Build.0 = Release|Win32
		{FB604508-CE92-4197-BD8D-6E4E6A383B06}.Debug|Win32.ActiveCfg = Debug|Win32
		{FB604508-CE92-4197-BD8D-6E4E6A383B06}.Debug|Win32.Build.0 = Debug|Win32
		{FB604508-CE92-4197-BD8D-6E4E6A383B06}.Release|Win32.ActiveCfg = Release|Win32
		{FB604508-CE92-4197-BD8D-6E4E6A383B06}.Release|Win32.Build.0 = Release|Win32
		{1CDF3971-8892-4123-8025-A6E77054D5F5}.Debug|Win32.ActiveCfg = Debug|Win32
		{1CDF3971-8892-4123-8025-A6E77054D5F5}.Debug|Win32.Build.0 = Debug|Win32
		{1CDF3971-8892-4123-8025-A6E77054D5F5}.Release|Win32.ActiveCfg = Release|Win32
		{1CDF3971-8892-4123-8025-A6E77054D5F5}.Release|Win32.Build.0 = Release|Win32
		{D4BC01BB-CA66-48DE-807F-D5F476D866EF}.Debug|Win32.ActiveCfg = Debug|Win32
		{D4BC01BB-CA66-48DE-807F-D5F476D866EF}.Debug|Win32.Build.0 = Debug|Win32
		{D4BC01BB-CA66-48DE-807F-D5F476D866EF}.Release|Win32.ActiveCfg = Release|Win32
		{D4BC01BB-CA66-48DE-807F-D5F476D866EF}.Release|Win32.Build.0 = Release|Win32
		{1C3CEF9A-419C-4CBC-B10B-D29F2E1E5274}.Debug|Win32.ActiveCfg = Debug|Win32
		{1C3CEF9A-419C-4CBC-B10B-D29F2E1E5274}.Debug|Win32.Build.0 = Debug|Win32
		{1C3CEF9A-419C-4CBC-B10B-D29F2E1E5274}.Release|Win32.ActiveCfg = Release|Win32
		{1C3CEF9A-419C-4CBC-B10B-D29F2E1E5274}.Release|Win32.Build.0 = Release|Win32
		{382A370C-9AD7-442E-AE41-062259C2128C}.Debug|Win32.ActiveCfg = Debug|Win32
		{382A370C-9AD7-442E-AE41-062259C2128C}.Debug|Win32.Build.0 = Debug|Win32
		{382A370C-9AD7-442E-AE41-062259C2128C}.Release|Win32.ActiveCfg = Release|Win32
		{382A370C-9AD7-442E-AE41-062259C2128C}.Release|Win32.Build.0 = Release|Win32
		{18010A80-A352-48CB-908F-1B7592FD2170}.Debug|Win32.ActiveCfg = Debug|Win32
		{18010A80-A352-48CB-908F-1B7592FD2170}.Debug|Win32.Build.0 = Debug|Win32
		{18010A80-A352-48CB-908F-1B7592FD2170}.Release|Win32.ActiveCfg = Release|Win32
		{18010A80-A352-48CB-908F-1B7592FD2170}.Release|Win32.Build.0 = Release|Win32
		{DEFED906-99B3-46E8-AB46-808322A9276F}.Debug|Win32.ActiveCfg = Debug|Win32
		{DEFED906-99B3-46E8-AB46-808322A9276F}.Debug|Win32.Build.0 = Debug|Win32
		{DEFED906-99B3-46E8-AB46-808322A9276F}.Release|Win32.ActiveCfg = Release|Win32
		{DEFED906-99B3-46E8-AB46-808322A9276F}.Release|Win32.Build.0 = Release|Win32
		{C75CE0F6-115B-4EEE-AD51-0F4B8A14F072}.Debug|Win32.ActiveCfg = Debug|Win32
		{C75CE0F6-115B-4EEE-AD51-0F4B8A14F072}.Debug|Win32.Build.0 = Debug|Win32
		{C75CE0F6-115B-4EEE-AD51-0F4B8A14F072}.Release|Win32.ActiveCfg = Release|Win32
		{C75CE0F6-115B-4EEE-AD51-0F4B8A14F072}.Release|Win32.Build.0 = Release|Win32
		{F25CF065-263F-4166-88F1-D71C3D1B7C94}.Debug|Win32.ActiveCfg = Debug|Win32
		{F25CF065-263F-4166-88F1-D71C3D1B7C94}.Debug|Win32.Build.0 = Debug|Win32
		{F25CF065-263F-4166-88F1-D71C3D1B7C94}.Release|Win32.ActiveCfg = Release|Win32
		{F25CF065-263F-4166-88F1-D71C3D1B7C94}.Release|Win32.Build.0 = Release|Win32
		{097BAD88-7A8F-4B60-8247-BAF0F009F4A6}.Debug|Win32.ActiveCfg = Debug|Win32
		{097BAD88-7A8F-4B60-8247-BAF0F009F4A6}.Debug|Win32.Build.0 = Debug|Win32
		{097BAD88-7A8F-4B60-8247-BAF0F009F4A6}.Release|Win32.ActiveCfg = Release|Win32
		{097BAD88-7A8F-4B60-8247-BAF0F009F4A6}.Release|Win32.Build.0 = Release|Win32
		{E7FB60BA-1513-457B-981A-02377D56862A}.Debug|Win32.ActiveCfg = Debug|Win32
		{E7FB60BA-1513-457B-981A-02377D56862A}.Debug|Win32.Build.0 = Debug|Win32
		{E7FB60BA-1513-457B-981A-02377D56862A}.Release|Win32.ActiveCfg = Release|Win32
		{E7FB60BA-1513-457B-981A-02377D56862A}.Release|Win32.Build.0 = Release|Win32
		{CBFFE87B-5A96-4E34-9A29-4839683DEBEF}.Debug|Win32.ActiveCfg = Debug|Win32
		{CBFFE87B-5A96-4E34-9A29-4839683DEBEF}.Debug|Win32.Build.0 = Debug|Win32
		{CBFFE87B-5A96-4E34-9A29-4839683DEBEF}.Release|Win32.ActiveCfg = Release|Win32
		{CBFFE87B-5A96-4E34-9A29-4839683DEBEF}.Release|Win32.Build.0 = Release|Win32
		{F7583ECF-5BBF-4032-AF01-916E0C0A5FB3}.Debug|Win32.ActiveCfg = Debug|Win32
		{F7583ECF-5BBF-4032-AF01-916E0C0A5FB3}.Debug|Win32.Build.0 = Debug|Win32
		{F7583ECF-5BBF-4032-AF01-916E0C0A5FB3}.Release|Win32.ActiveCfg = Release|Win32
		{F7583ECF-5BBF-4032-AF01-916E0C0A5FB3}.Release|Win32.Build.0 = Release|Win32
		{05C9B9EE-DE96-4CE5-8D6F-59F30615131E}.Debug|Win32.ActiveCfg = Debug|Win32
		{05C9B9EE-DE96-4CE5-8D6F-59F30615131E}.Debug|Win32.Build.0 = Debug|Win32
		{05C9B9EE-DE96-4CE5-8D6F-59F30615131E}.Release|Win32.ActiveCfg = Release|Win32
		{05C9B9EE-DE96-4CE5-8D6F-59F30615131E}.Release|Win32.Build.0 = Release|Win32
		{396E7865-678F-4351-9565-4E87F938DF81}.Debug|Win32.ActiveCfg = Debug|Win32
		{396E7865-678F-4351-9565-4E87F938DF81}.Debug|Win32.Build.0 = Debug|Win32
		{396E7865-678F-4351-9565-4E87F938DF81}.Release|Win32.ActiveCfg = Release|Win32
		{396E7865-678F-4351-9565-4E87F938DF81}.Release|Win32.Build.0 = Release|Win32
		{216196FD-4977-4EC1-AADA-B7528BE63E47}.Debug|Win32.ActiveCfg = Debug|Win32
		{216196FD-4977-4EC1-AADA-B7528BE63E47}.Debug|Win32.Build.0 = Debug|Win32
		{216196FD-4977-4EC1-AADA-B7528BE63E47}.Release|Win32.ActiveCfg = Release|Win32
		{216196FD-4977-4EC1-AADA-B7528BE63E47}.Release|Win32.Build.0 = Release|Win32
		{D0D5F904-DC94-44B6-B107-F8CF9B587D4D}.Debug|Win32.ActiveCfg = Debug|Win32
		{D0D5F904-DC94-44B6-B107-F8CF9B587D4D}.Debug|Win32.Build.0 = Debug|Win32
		{D0D5F904-DC94-44B6-B107-F8CF9B587D4D}.Release|Win32.ActiveCfg = Release|Win32
		{D0D5F904-DC94-44B6-B107-F8CF9B587D4D}.Release|Win32.Build.0 = Release|Win32
		{778B7498-EB11-4573-8EF5-1289698E825B}.Debug|Win32.ActiveCfg = Debug|Win32
		{778B7498-EB11-4573-8EF5-1289698E825B}.Debug|Win32.Build.0 = Debug|Win32
		{778B7498-EB11-4573-8EF5-1289698E825B}.Release|Win32.ActiveCfg = Release|Win32
		{778B7498-EB11-4573-8EF5-1289698E825B}.Release|Win32.Build.0 = Release|Win32
		{11C43437-BAE3-4164-910A-10A4CF91CD82}.Debug|Win32.ActiveCfg = Debug|Win32
		{11C43437-BAE3-4164-910A-10A4CF91CD82}.Debug|Win32.Build.0 = Debug|Win32
		{11C43437-BAE3-4164-910A-10A4CF91CD82}.Release|Win32.ActiveCfg = Release|Win32
		{11C43437-BAE3-4164-910A-10A4CF91CD82}.Release|Win32.Build.0 = Release|Win32
		{AB57FB65-2CB7-4257-864F-F477082E6A41}.Debug|Win32.ActiveCfg = Debug|Win32
		{AB57FB65-2CB7-4257-864F-F477082E6A41}.Debug|Win32.Build.0 = Debug|Win32
		{AB57FB65-2CB7-4257-864F-F477082E6A41}.Release|Win32.ActiveCfg = Release|Win32
		{AB57FB65-2CB7-4257-864F-F477082E6A41}.Release|Win32.Build.0 = Release|Win32
		{E0CB2ACD-AA5D-46BD-ADEC-CB83CC122E52}.Debug|Win32.ActiveCfg = Debug|Win32
		{E0CB2ACD-AA5D-46BD-ADEC-CB83CC122E52}.Debug|Win32.Build.0 = Debug|Win32
		{E0CB2ACD-AA5D-46BD-ADEC-CB83CC122E52}.Release|Win32.ActiveCfg = Release|Win32
		{E0CB2ACD-AA5D-46BD-ADEC-CB83CC122E52}.Release|Win32.Build.0 = Release|Win32
		{B2EC096A-9C3A-4830-8B99-24340EF29790}.Debug|Win32.ActiveCfg = Debug|Win32
		{B2EC096A-9C3A-4830-8B99-24340EF29790}.Debug|Win32.Build.0 = Debug|Win32
		{B2EC096A-9C3A-4830-8B99-24340EF29790}.Release|Win32.ActiveCfg = Release|Win32
		{B2EC096A-9C3A-4830-8B99-24340EF29790}.Release|Win32.Build.0 = Release|Win32
		{0C9FC9C6-0199-419A-B610-79FDB0938BFC}.Debug|Win32.ActiveCfg = Debug|Win32
		{0C9FC9C6-0199-419A-B610-79FDB0938BFC}.Debug|Win32.Build.0 = Debug|Win32
		{0C9FC9C6-0199-419A-B610-79FDB0938BFC}.Release|Win32.ActiveCfg = Release|Win32
		{0C9FC9C6-0199-419A-B610-79FDB0938BFC}.Release|Win32.Build.0 = Release|Win32
		{69387155-4387-4911-8EAD-2F7AC4CAED7C}.Debug|Win32.ActiveCfg = Debug|Win32
		{69387155-4387-4911-8EAD-2F7AC4CAED7C}.Debug|Win32.Build.0 = Debug|Win32
		{69387155-4387-4911-8EAD-2F7AC4CAED7C}.Release|Win32.ActiveCfg = Release|Win32
		{69387155-4387-4911-8EAD-2F7AC4CAED7C}.Release|Win32.Build.0 = Release|Win32
		{6320245A-6DEF-4778-A469-BA6A4D1DD8D4}.Debug|Win32.ActiveCfg = Debug|Win32
		{6320245A-6DEF-4778-A469-BA6A4D1DD8D4}.Debug|Win32.Build.0 = Debug|Win32
		{6320245A-6DEF-4778-A469-BA6A4D1DD8D4}.Release|Win32.ActiveCfg = Release|Win32
		{6320245A-6DEF-4778-A469-BA6A4D1DD8D4}.Release|Win32.Build.0 = Release|Win32
		{9308258C-9FB0-40B5-8091-516524F151E8}.Debug|Win32.ActiveCfg = Debug|Win32
		{9308258C-9FB0-40B5-8091-516524F151E8}.Debug|Win32.Build.0 = Debug|Win32
		{9308258C-9FB0-40B5-8091-516524F151E8}.Release|Win32.ActiveCfg = Release|Win32
		{9308258C-9FB0-40B5-8091-516524F151E8}.Release|Win32.Build.0 = Release|Win32
		{3D250334-1359-4DF3-A659-B66B36D78B68}.Debug|Win32.ActiveCfg = Debug|Win32
		{3D250334-1359-4DF3-A659-B66B36D78B68}.Debug|Win32.Build.0 = Debug|Win32
		{3D250334-1359-4DF3-A659-B66B36D78B68}.Release|Win32.ActiveCfg = Release|Win32
		{3D250334-1359-4DF3-A659-B66B36D78B68}.Release|Win32.Build.0 = Release|Win32
		{8B213B59-F2B6-4979-B41E-E0B206900D48}.Debug|Win32.ActiveCfg = Debug|Win32
		{8B213B59-F2B6-4979-B41E-E0B206900D48}.Debug|Win32.Build.0 = Debug|Win32
		{8B213B59-F2B6-4979-B41E-E0B206900D48}.Release|Win32.ActiveCfg = Release|Win32
		{8B213B59-F2B6-4979-B41E-E0B206900D48}.Release|Win32.Build.0 = Release|Win32
	EndGlobalSection
	GlobalSection(SolutionProperties) = preSolution
		HideSolutionNode = FALSE
	EndGlobalSection
	GlobalSection(NestedProjects) = preSolution
		{1F5B8327-7049-44CB-A5D2-004AD89741A2} = {4C37C2B0-1106-4A32-8E61-481057860EEF}
		{F93AD437-1A2C-45E1-B21B-77E153E5F8DB} = {EFD3D619-907B-4278-B1BA-B155810FA67C}
		{6C9BC7AE-EF2F-430B-B05E-CEC23A89537A} = {EFD3D619-907B-4278-B1BA-B155810FA67C}
		{59708478-126A-4561-9CDF-8589C697CCF7} = {1B92589E-3DC7-4755-B5BD-DB51DB5DBFBB}
		{4E650F1A-941A-403F-BC55-DFE3D30C8365} = {1B92589E-3DC7-4755-B5BD-DB51DB5DBFBB}
		{CEE5D152-3CDE-4D05-82E1-C71BD1765F32} = {D57EACC2-6745-46C6-A197-B5681D6B3CDA}
		{0D522BFD-4E75-45A4-8ED5-7940B6D99461} = {3DA47AD1-6CB5-41BC-9C3F-AD75DE604F6C}
		{9C304A2A-F610-460E-832E-25853BE598CC} = {3DA47AD1-6CB5-41BC-9C3F-AD75DE604F6C}
		{5E097B07-6812-4C1A-8767-71AE9D595811} = {A804B9E3-ECE3-40E2-85EA-7411492DCA13}
		{DDB9B2D0-2D84-4467-8D8E-B8577FB2119E} = {E5BF1722-BDDE-4622-9112-C173B4FF81AC}
		{3A89F29F-FCFA-4DE9-9680-016E14EF4815} = {8B0C0F8A-004F-4633-B722-116ECDBB2E86}
		{0A917A1C-9EAF-4556-AC5A-85B6A9C9E130} = {CB182B4C-9485-4E70-8CDD-487845072583}
		{BC85B265-71B6-4301-9CFE-F2739D6DCE65} = {CB182B4C-9485-4E70-8CDD-487845072583}
		{FB604508-CE92-4197-BD8D-6E4E6A383B06} = {762D0B0B-6C77-405A-BDF4-FA86701C6030}
		{1CDF3971-8892-4123-8025-A6E77054D5F5} = {762D0B0B-6C77-405A-BDF4-FA86701C6030}
		{D4BC01BB-CA66-48DE-807F-D5F476D866EF} = {E355279C-D6CC-44FA-A931-56F8D20E3DDF}
		{1C3CEF9A-419C-4CBC-B10B-D29F2E1E5274} = {F079EC9A-6118-4B49-902B-D5C1B5AF40D7}
		{382A370C-9AD7-442E-AE41-062259C2128C} = {B9F2AB2B-F082-4743-8367-07EFDBF94A28}
		{18010A80-A352-48CB-908F-1B7592FD2170} = {E1ABF6E2-052D-4093-93E3-85B12753955F}
		{DEFED906-99B3-46E8-AB46-808322A9276F} = {E1ABF6E2-052D-4093-93E3-85B12753955F}
		{C75CE0F6-115B-4EEE-AD51-0F4B8A14F072} = {E1ABF6E2-052D-4093-93E3-85B12753955F}
		{8B213B59-F2B6-4979-B41E-E0B206900D48} = {E1ABF6E2-052D-4093-93E3-85B12753955F}
		{F25CF065-263F-4166-88F1-D71C3D1B7C94} = {8C87A5DA-833C-4592-A517-DDF92CB65F44}
		{097BAD88-7A8F-4B60-8247-BAF0F009F4A6} = {8C87A5DA-833C-4592-A517-DDF92CB65F44}
		{E7FB60BA-1513-457B-981A-02377D56862A} = {4FE2D35D-FE4C-4415-96EC-B6D9E7AC3C6F}
		{CBFFE87B-5A96-4E34-9A29-4839683DEBEF} = {51F5991A-3672-41C2-A272-861B07D239F7}
		{F7583ECF-5BBF-4032-AF01-916E0C0A5FB3} = {6DC27360-4979-4F3A-BA63-65776C066E0C}
		{05C9B9EE-DE96-4CE5-8D6F-59F30615131E} = {E4B7375D-84F9-4A6A-A580-80297E1EE135}
		{396E7865-678F-4351-9565-4E87F938DF81} = {E4B7375D-84F9-4A6A-A580-80297E1EE135}
		{216196FD-4977-4EC1-AADA-B7528BE63E47} = {4D97D6BE-9E94-4469-9F17-E4F1E276D518}
		{D0D5F904-DC94-44B6-B107-F8CF9B587D4D} = {4D97D6BE-9E94-4469-9F17-E4F1E276D518}
		{778B7498-EB11-4573-8EF5-1289698E825B} = {4D97D6BE-9E94-4469-9F17-E4F1E276D518}
		{11C43437-BAE3-4164-910A-10A4CF91CD82} = {4D97D6BE-9E94-4469-9F17-E4F1E276D518}
		{3D250334-1359-4DF3-A659-B66B36D78B68} = {4D97D6BE-9E94-4469-9F17-E4F1E276D518}
		{AB57FB65-2CB7-4257-864F-F477082E6A41} = {8902ED27-B755-4A80-BF4B-2019F5E14183}
		{E0CB2ACD-AA5D-46BD-ADEC-CB83CC122E52} = {8902ED27-B755-4A80-BF4B-2019F5E14183}
		{B2EC096A-9C3A-4830-8B99-24340EF29790} = {8902ED27-B755-4A80-BF4B-2019F5E14183}
		{0C9FC9C6-0199-419A-B610-79FDB0938BFC} = {8902ED27-B755-4A80-BF4B-2019F5E14183}
		{69387155-4387-4911-8EAD-2F7AC4CAED7C} = {8902ED27-B755-4A80-BF4B-2019F5E14183}
		{6320245A-6DEF-4778-A469-BA6A4D1DD8D4} = {8902ED27-B755-4A80-BF4B-2019F5E14183}
		{9308258C-9FB0-40B5-8091-516524F151E8} = {8902ED27-B755-4A80-BF4B-2019F5E14183}
	EndGlobalSection
EndGlobal
