
Microsoft Visual Studio Solution File, Format Version 9.00
# Visual Studio 2005
Project("{8BC9CEB8-8B4A-11D0-8D11-00A0C91BC942}") = "App", "App\App.vcproj", "{30A5AB0A-9109-4AF7-92D1-A9CAF85D78D4}"
	ProjectSection(ProjectDependencies) = postProject
		{E344F163-299E-4F83-89D5-C7B3CE9BD200} = {E344F163-299E-4F83-89D5-C7B3CE9BD200}
		{7E0D3F92-5D8B-497D-ADCE-9EE92B3C4CFE} = {7E0D3F92-5D8B-497D-ADCE-9EE92B3C4CFE}
		{ADBD0FAC-E34F-4A32-96B9-55D21AAD2366} = {ADBD0FAC-E34F-4A32-96B9-55D21AAD2366}
	EndProjectSection
EndProject
Project("{2150E333-8FDC-42A3-9474-1A3956D46DE8}") = "SDK", "SDK", "{526CE91D-7A06-4208-8583-BEB33BB08F25}"
EndProject
Project("{2150E333-8FDC-42A3-9474-1A3956D46DE8}") = "Tools", "Tools", "{3465FED6-0D4E-4003-A6A4-B2F363B84CFF}"
EndProject
Project("{8BC9CEB8-8B4A-11D0-8D11-00A0C91BC942}") = "zlib", "..\03 Tools\zlib\zlib.vcproj", "{05737976-ADA7-4F89-9126-69733B73805F}"
EndProject
Project("{8BC9CEB8-8B4A-11D0-8D11-00A0C91BC942}") = "libarc", "..\03 Tools\libarc\libarc.vcproj", "{083039A6-E42C-4CD8-8F67-77E8FBA885FE}"
EndProject
Project("{8BC9CEB8-8B4A-11D0-8D11-00A0C91BC942}") = "libimg", "..\03 Tools\libimg\libimg.vcproj", "{54C60A14-3D35-4AA1-B1E6-63AE404DFB01}"
EndProject
Project("{8BC9CEB8-8B4A-11D0-8D11-00A0C91BC942}") = "arc", "..\03 Tools\arc\arc.vcproj", "{7E0D3F92-5D8B-497D-ADCE-9EE92B3C4CFE}"
EndProject
Project("{8BC9CEB8-8B4A-11D0-8D11-00A0C91BC942}") = "img", "..\03 Tools\img\img.vcproj", "{ADBD0FAC-E34F-4A32-96B9-55D21AAD2366}"
EndProject
Project("{8BC9CEB8-8B4A-11D0-8D11-00A0C91BC942}") = "unarc", "..\03 Tools\unarc\unarc.vcproj", "{064944F3-7535-45A1-B350-6CAF008A819F}"
EndProject
Project("{8BC9CEB8-8B4A-11D0-8D11-00A0C91BC942}") = "unimg", "..\03 Tools\unimg\unimg.vcproj", "{C600EB25-E74B-4F81-B6C3-9356A7B5F45A}"
EndProject
Project("{8BC9CEB8-8B4A-11D0-8D11-00A0C91BC942}") = "libobj", "..\03 Tools\libobj\libobj.vcproj", "{01B1C6BC-EFE5-4F85-BDC6-56EAF650EC16}"
EndProject
Project("{8BC9CEB8-8B4A-11D0-8D11-00A0C91BC942}") = "o", "..\03 Tools\o\o.vcproj", "{E344F163-299E-4F83-89D5-C7B3CE9BD200}"
EndProject
Project("{2150E333-8FDC-42A3-9474-1A3956D46DE8}") = "Application", "Application", "{4A2FAC60-ED59-4C4E-819B-2288FA4D682D}"
EndProject
Project("{8BC9CEB8-8B4A-11D0-8D11-00A0C91BC942}") = "Lib", "Lib\Lib.vcproj", "{1280AF53-497F-46F0-8F53-E37379B2FBC6}"
EndProject
Global
	GlobalSection(SolutionConfigurationPlatforms) = preSolution
		Debug|Win32 = Debug|Win32
		Release|Win32 = Release|Win32
	EndGlobalSection
	GlobalSection(ProjectConfigurationPlatforms) = postSolution
		{30A5AB0A-9109-4AF7-92D1-A9CAF85D78D4}.Debug|Win32.ActiveCfg = Debug|Win32
		{30A5AB0A-9109-4AF7-92D1-A9CAF85D78D4}.Debug|Win32.Build.0 = Debug|Win32
		{30A5AB0A-9109-4AF7-92D1-A9CAF85D78D4}.Release|Win32.ActiveCfg = Release|Win32
		{30A5AB0A-9109-4AF7-92D1-A9CAF85D78D4}.Release|Win32.Build.0 = Release|Win32
		{05737976-ADA7-4F89-9126-69733B73805F}.Debug|Win32.ActiveCfg = Debug|Win32
		{05737976-ADA7-4F89-9126-69733B73805F}.Debug|Win32.Build.0 = Debug|Win32
		{05737976-ADA7-4F89-9126-69733B73805F}.Release|Win32.ActiveCfg = Release|Win32
		{05737976-ADA7-4F89-9126-69733B73805F}.Release|Win32.Build.0 = Release|Win32
		{083039A6-E42C-4CD8-8F67-77E8FBA885FE}.Debug|Win32.ActiveCfg = Debug|Win32
		{083039A6-E42C-4CD8-8F67-77E8FBA885FE}.Debug|Win32.Build.0 = Debug|Win32
		{083039A6-E42C-4CD8-8F67-77E8FBA885FE}.Release|Win32.ActiveCfg = Release|Win32
		{083039A6-E42C-4CD8-8F67-77E8FBA885FE}.Release|Win32.Build.0 = Release|Win32
		{54C60A14-3D35-4AA1-B1E6-63AE404DFB01}.Debug|Win32.ActiveCfg = Debug|Win32
		{54C60A14-3D35-4AA1-B1E6-63AE404DFB01}.Debug|Win32.Build.0 = Debug|Win32
		{54C60A14-3D35-4AA1-B1E6-63AE404DFB01}.Release|Win32.ActiveCfg = Release|Win32
		{54C60A14-3D35-4AA1-B1E6-63AE404DFB01}.Release|Win32.Build.0 = Release|Win32
		{7E0D3F92-5D8B-497D-ADCE-9EE92B3C4CFE}.Debug|Win32.ActiveCfg = Debug|Win32
		{7E0D3F92-5D8B-497D-ADCE-9EE92B3C4CFE}.Debug|Win32.Build.0 = Debug|Win32
		{7E0D3F92-5D8B-497D-ADCE-9EE92B3C4CFE}.Release|Win32.ActiveCfg = Release|Win32
		{7E0D3F92-5D8B-497D-ADCE-9EE92B3C4CFE}.Release|Win32.Build.0 = Release|Win32
		{ADBD0FAC-E34F-4A32-96B9-55D21AAD2366}.Debug|Win32.ActiveCfg = Debug|Win32
		{ADBD0FAC-E34F-4A32-96B9-55D21AAD2366}.Debug|Win32.Build.0 = Debug|Win32
		{ADBD0FAC-E34F-4A32-96B9-55D21AAD2366}.Release|Win32.ActiveCfg = Release|Win32
		{ADBD0FAC-E34F-4A32-96B9-55D21AAD2366}.Release|Win32.Build.0 = Release|Win32
		{064944F3-7535-45A1-B350-6CAF008A819F}.Debug|Win32.ActiveCfg = Debug|Win32
		{064944F3-7535-45A1-B350-6CAF008A819F}.Debug|Win32.Build.0 = Debug|Win32
		{064944F3-7535-45A1-B350-6CAF008A819F}.Release|Win32.ActiveCfg = Release|Win32
		{064944F3-7535-45A1-B350-6CAF008A819F}.Release|Win32.Build.0 = Release|Win32
		{C600EB25-E74B-4F81-B6C3-9356A7B5F45A}.Debug|Win32.ActiveCfg = Debug|Win32
		{C600EB25-E74B-4F81-B6C3-9356A7B5F45A}.Debug|Win32.Build.0 = Debug|Win32
		{C600EB25-E74B-4F81-B6C3-9356A7B5F45A}.Release|Win32.ActiveCfg = Release|Win32
		{C600EB25-E74B-4F81-B6C3-9356A7B5F45A}.Release|Win32.Build.0 = Release|Win32
		{01B1C6BC-EFE5-4F85-BDC6-56EAF650EC16}.Debug|Win32.ActiveCfg = Debug|Win32
		{01B1C6BC-EFE5-4F85-BDC6-56EAF650EC16}.Debug|Win32.Build.0 = Debug|Win32
		{01B1C6BC-EFE5-4F85-BDC6-56EAF650EC16}.Release|Win32.ActiveCfg = Release|Win32
		{01B1C6BC-EFE5-4F85-BDC6-56EAF650EC16}.Release|Win32.Build.0 = Release|Win32
		{E344F163-299E-4F83-89D5-C7B3CE9BD200}.Debug|Win32.ActiveCfg = Debug|Win32
		{E344F163-299E-4F83-89D5-C7B3CE9BD200}.Debug|Win32.Build.0 = Debug|Win32
		{E344F163-299E-4F83-89D5-C7B3CE9BD200}.Release|Win32.ActiveCfg = Release|Win32
		{E344F163-299E-4F83-89D5-C7B3CE9BD200}.Release|Win32.Build.0 = Release|Win32
		{1280AF53-497F-46F0-8F53-E37379B2FBC6}.Debug|Win32.ActiveCfg = Debug|Win32
		{1280AF53-497F-46F0-8F53-E37379B2FBC6}.Debug|Win32.Build.0 = Debug|Win32
		{1280AF53-497F-46F0-8F53-E37379B2FBC6}.Release|Win32.ActiveCfg = Release|Win32
		{1280AF53-497F-46F0-8F53-E37379B2FBC6}.Release|Win32.Build.0 = Release|Win32
	EndGlobalSection
	GlobalSection(SolutionProperties) = preSolution
		HideSolutionNode = FALSE
	EndGlobalSection
	GlobalSection(NestedProjects) = preSolution
		{05737976-ADA7-4F89-9126-69733B73805F} = {526CE91D-7A06-4208-8583-BEB33BB08F25}
		{083039A6-E42C-4CD8-8F67-77E8FBA885FE} = {3465FED6-0D4E-4003-A6A4-B2F363B84CFF}
		{54C60A14-3D35-4AA1-B1E6-63AE404DFB01} = {3465FED6-0D4E-4003-A6A4-B2F363B84CFF}
		{7E0D3F92-5D8B-497D-ADCE-9EE92B3C4CFE} = {3465FED6-0D4E-4003-A6A4-B2F363B84CFF}
		{ADBD0FAC-E34F-4A32-96B9-55D21AAD2366} = {3465FED6-0D4E-4003-A6A4-B2F363B84CFF}
		{064944F3-7535-45A1-B350-6CAF008A819F} = {3465FED6-0D4E-4003-A6A4-B2F363B84CFF}
		{C600EB25-E74B-4F81-B6C3-9356A7B5F45A} = {3465FED6-0D4E-4003-A6A4-B2F363B84CFF}
		{01B1C6BC-EFE5-4F85-BDC6-56EAF650EC16} = {3465FED6-0D4E-4003-A6A4-B2F363B84CFF}
		{E344F163-299E-4F83-89D5-C7B3CE9BD200} = {3465FED6-0D4E-4003-A6A4-B2F363B84CFF}
		{30A5AB0A-9109-4AF7-92D1-A9CAF85D78D4} = {4A2FAC60-ED59-4C4E-819B-2288FA4D682D}
		{1280AF53-497F-46F0-8F53-E37379B2FBC6} = {4A2FAC60-ED59-4C4E-819B-2288FA4D682D}
	EndGlobalSection
EndGlobal
